github.com/chenzhuoyu/base64x v0.0.0-20230717121745-296ad89f973d h1:77cEq6EriyTZ+gMh7zLvnQY3gVVqmeia3gR87kLJTM=
github.com/chenzhuoyu/base64x v0.0.0-20230717121745-296ad89f973d/go.mod h1:8EPpVsBuRksnlj1mLy4AWzRNQYxauNi62uWcE3to6eA=
github.com/cespare/xxhash/v2 v2.2.0 h1:DC2OnhyEwEKv2c5zr7CmrVK+9OHvU5/NVP3p0kE/Xs=
github.com/cespare/xxhash/v2 v2.2.0/go.mod h1:VGX0DQ3Q6Gm7yeKEZiGiURkauNqQ8LHZ+k/74q5Niw=
github.com/davecgh/go-spew v1.1.0/go.mod h1:J7Y8YcW2NihsgmVo/mv3lAwl/skON4iLHjSsI+c5H8=
github.com/davecgh/go-spew v1.1.1 h1:vj9j/33wvY3pauWCiB1panqLWjQ3NSi+sFQx7Mmuus=
github.com/davecgh/go-spew v1.1.1/go.mod h1:J7Y8YcW2NihsgmVo/mv3lAwl/skON4iLHjSsI+c5H8=
github.com/dgryski/go-rendezvous v0.0.0-20200823014737-9f7001d12a5f h1:lO4WD4F/rVNCu3rDZnYYpJ3/b5rnBqL/G6jH2SUqWY=
github.com/dgryski/go-rendezvous v0.0.0-20200823014737-9f7001d12a5f/go.mod h1:cuUVRXasLTGeis7E20go1x1OMhjHosDj5bywd7o+dw=
github.com/gabriel-vasile/mimetype v1.4.2 h1:w5qFW6JKBz9QmwLLGxy+bSL+QNM6T/FUo8CfqQkC0g=
github.com/gabriel-vasile/mimetype v1.4.2/go.mod h1:zApsH/mKG4w07erNFiQu0nQiGClWKdydLQiGn6PreQ=
github.com/gin-contrib/sse v0.1.0 h1:Y/yl/+YNO8GZSvPa8/cQFmRvWdK7P+YTP1+jjWP1EY=
github.com/gin-contrib/sse v0.1.0/go.mod h1:RHrZDJNzV0bd/A+Glqw569wA3o3Z1n38z3YcJgIAh0=
github.com/gin-gonic/gin v1.9.1 h1:4idEAncQnU5cB7BeOkPtxjfCSye0AAm1R0RVIqJ+Jmg=
github.com/gin-gonic/gin v1.9.1/go.mod h1:qwPWnhz6pn0NnRvLwLMKy1hbe+a0B6iWMSQ56yjzYE=
github.com/go-playground/assert/v2 v2.2.0 h1:JvknZsQTYeFEAhQwI4qWATQ9gcUgmMecks+zrJCsJ0=
github.com/go-playground/assert/v2 v2.2.0/go.mod h1:VDjEfimB/XKnCa2BXJvD+aNLWQmHR6g+87HI6WRNw=
github.com/go-playground/locales v0.14.1 h1:EWaQ/wswjilfKLTECiXz7Rh+3BjFhyjFqXk/5DcsYY=
github.com/go-playground/locales v0.14.1/go.mod h1:hxrqLVvrK65+Rwk5sA8x9de9Iw3GgAFMLk7M0+fN1g=
github.com/go-playground/universal-translator v0.18.1 h1:Bcnm0ZwsGyWbCzImXv+p2INFP7qltjvnJ966SVlAKs=
github.com/go-playground/universal-translator v0.18.1/go.mod h1:xO8axf9G63+Yto/NHrXn1un7XN1kHxlthZV8Lj2SEI=
github.com/go-playground/validator/v10 v10.15.3 h1:eG1N3BKwP0Kp7t5CjeQE76PqIIUFs//OL/yifI6IKA=
github.com/go-playground/validator/v10 v10.15.3/go.mod h1:4Z2HAn5oJeDOmVP4ZKkMQM3Mw+4tzvaGiPa5+hUVks=
github.com/goccy/go-json v0.10.2 h1:CqyvLa9xSxkxaVTSvW2vsjiYm+nSQv9+Dx32dcentY=
github.com/goccy/go-json v0.10.2/go.mod h1:6MelG93GURQsLFEhtFAv3srQfcBgB8/czIdi+um7Ow=
github.com/golang-jwt/jwt/v5 v5.0.0 h1:1n1XNM9hK7O9mnQoNBGolZvzebBQ7p93GsgyMsac5U=
github.com/golang-jwt/jwt/v5 v5.0.0/go.mod h1:pqrtFR0X4osieyHYxtcc+TCjf14HYiFxxC1q2OJZiY=
github.com/golang/protobuf v1.5.0/go.mod h1:FsONVRAS9T7sI+LIUmWTfcYkHO4aIWwh2SlqkMmY7Q=
github.com/google/go-cmp v0.5.5/go.mod h1:v8dTdLbMG2kIc/FSI+sFnEK0EV+lLvlnpsj+g7DKL0=
github.com/google/gofuzz v1.0.0/go.mod h1:dBl0BpW6vV/+mYPU4Po3pmUjxk6FQPldtuIdl91Poo=
github.com/google/protobuf v1.31.0 h1:g0LDEJHgrBl9N9r17Ru3sqWhkIx2NB67okBHPwC7Yc=
github.com/google/protobuf v1.31.0/go.mod h1:HV8QOQYVhC7V5jPUKq7y64kqFrohQtuxstTheAsgLI=
github.com/jackc/pgpassfile v1.0.0 h1:/6Hmqy13Ss2zCq62PlLa+tCC63fqWfGccyb5VXqHQY=
github.com/jackc/pgpassfile v1.0.0/go.mod h1:CEx0iS5ambNFdcRtxPj5JhEz+xB6uRky5eyVu/W2HM=
github.com/jackc/pgservicefile v0.0.0-20221227161230-091c0ba34f0a h1:bbPQQkuCybvIYikLLg2OwqRhc7JA7rAV9c8R8tiI3g=
github.com/jackc/pgservicefile v0.0.0-20221227161230-091c0ba34f0a/go.mod h1:5yspPrukOVuOLORacaBi858NqyClJPQxYzLrBzpl4c=
github.com/jackc/pgx/v5 v5.4.3 h1:irinwF0/3Cxffbaom4jmUKu0XVirxO+xNncMLCNAXk=
github.com/joho/godotenv v1.5.1 h1:7P4SfwW0XfpwW7EokyJ+7DyckRdMEVNmMvstxZMp88=
github.com/joho/godotenv v1.5.1/go.mod h1:f4LDr5Voq0i2e/R5DDNOoa2zzDfwtkZa6DxwEWR+EM=
github.com/json-iterator/go v1.1.12 h1:PV8peI4a0ysnczrg+LtxykD8LfKY9lF+jtzIItQE0=
github.com/json-iterator/go v1.1.12/go.mod h1:e30LSqwooZae/UwlEbR2852Gd8vFybj+pcUL3wQKSY=
github.com/klauspost/cpuid/v2 v2.2.5 h1:0E5MSMDEoU0RNWbgI/5zk/i/JqkyMP6V8jsfmbZ0L8=
github.com/klauspost/cpuid/v2 v2.2.5/go.mod h1:Lcz8mBdAVJqL9mLiYnLbiDlmrB8ZRtherQY+ec0S1w=
github.com/leodido/go-urn v1.2.4 h1:XlAE/cm/ms7TE/VMVoduSNM+5VuxLSMLC9zQEPWSuI=
github.com/leodido/go-urn v1.2.4/go.mod h1:7ZrI8mTSeBSHl/UaIieN26/+RJjeuEigthArbNwJ3g=
github.com/mattn/go-isatty v0.0.20/go.mod h1:Z8qyCQ3Bs3R+jZnR5+kxRRgfF+rt3EuO3Y5o3s7Gug=
github.com/modern-go/concurrent v0.0.0-20230330173713-942fedbb3226 h1:+71Zsz+mbkNXii4v/AzYywi8b5G85pDjwmVeC7fpI8=
github.com/modern-go/concurrent v0.0.0-20230330173713-942fedbb3226/go.mod h1:xvqfjaB5Q5bl8VyQ66LS4dLE3HRee4q6FWrsFA4NqE=
github.com/modern-go/reflect2 v1.0.2 h1:xBagoLtFs94CBntxluKeaWgTMpvLxC4ur3nMaC9Gz0=
github.com/modern-go/reflect2 v1.0.2/go.mod h1:yWuCS7NRJ7+gkohR8LTY11ynlvCQWGDvrrNEVnYf5Q=
github.com/pelletier/go-toml/v2 v2.1.0 h1:FnwAJ4oYMvbT/34k9zzHuZNrhlz48GB3/s6at6/MHw=
github.com/pelletier/go-toml/v2 v2.1.0/go.mod h1:tJU2Z3ZkXwnNkLBbtUVstZPLg0rm1rLMidEJwsrqEY=
github.com/pmezard/go-difflib v1.0.0 h1:4DBwDE0NGyQoBHrsDMOY8trWnrsSFaw+dohI5K4cb9=
github.com/pmezard/go-difflib v1.0.0/go.mod h1:iKH77koFhYxTK1pcRnkGLp1M8LWMoCQKqF+2lpn7M8=
github.com/redis/go-redis/v9 v9.0.5 h1:CuQcn5HIEyvI00Xo5nxLprYO/jCTtF/ptsQzmgoV/A=
github.com/redis/go-redis/v9 v9.0.5/go.mod h1:WqDawG6VK/TyQrnUvnNwJiNVwW7yEktjxijntfZkW8=
github.com/stretchr/objx v0.1.0/go.mod h1:HFkY916IF+rwdDfVrVKvPR7ZJw6cuWwxXQ7h+V18VY=
github.com/stretchr/objx v0.4.0/go.mod h1:YvHI0jy2hoMjB+UWwv71VJQ9isScKT/TqJzVSSt89=
github.com/stretchr/objx v0.5.0/go.mod h1:Yh+to48EsGEV+gBeFgYswuYvxltPYEhPb/j4eDK7E=
github.com/stretchr/testify v1.3.0/go.mod h1:M5WIqkMWKyMgdhucR3h4U4Rozsib4enTrAustC3DQ0=
github.com/stretchr/testify v1.7.0/go.mod h1:6Fq8oRcR53rry900zMqJjRRixrwX3KX92w5Sk0GM+Y=
github.com/stretchr/testify v1.7.1/go.mod h1:6Fq8oRcR53rry900zMqJjRRixrwX3KX92w5Sk0GM+Y=
github.com/stretchr/testify v1.8.0/go.mod h1:yNjVzV+Y5q7wvR13qSYUhtXTGsLMu7x0JpZIsrx6r4=
github.com/stretchr/testify v1.8.4 h1:CcVxjf3Q8zt4yphnvIZ11GVm+Ohf1O7KmVrzTrWfAY=
github.com/stretchr/testify v1.8.4/go.mod h1:sz/wgYcOLLzcQoRt0Gwez6Konc9JfWQtzmeHxJi3BM=
github.com/ugorji/go/codec v1.2.12 h1:9LC83zGehe4W1V21yHo94Uj7wskrvNWDCvezC9IWfY=
github.com/ugorji/go/codec v1.2.12/go.mod h1:UNzGHccjwqgcCella3000M3c4aXKUklSmEfQJWvcIh=
golang.org/x/arch v0.5.0 h1:jpGode6huGSCDQmwrzBGG84MvjZLZSKcs2/uI16kqI=
golang.org/x/arch v0.5.0/go.mod h1:5OXOZSfqPIIbmVBIYnYYOOUOCc7HN4+w+bB9nqKqgQ=
golang.org/x/crypto v0.14.0 h1:frVn1UYo+Vl+/Zfw71DqwKODV3bsr2D3wlR2V4nsdI=
golang.org/x/crypto v0.14.0/go.mod h1:MVFd36DqK94XWJVGVNS2+n91sgKLj6/2b9zIndLvYE=
golang.org/x/net v0.17.0 h1:McrnSpQsldtn+j7+xTmYKm8modQJQIKPQp2+DQV67Y=
golang.org/x/net v0.17.0/go.mod h1:NxSsABJwHDoLnw5DdnkYFZeIqiGcelestTSoGBarSZs=
golang.org/x/sys v0.13.0 h1:Ll8I/WhZtLXSwjhoMOV7lPsSo1d1sIxt9zDVbruM0I=
golang.org/x/sys v0.13.0/go.mod h1:oPkhp1MJrh7nUepCax/m2gOCblnRboYPEAF85z/8IL=
golang.org/x/text v0.13.0 h1:ablQoSUd0tiwLPA02dKAsx0D4iZjMk2E60txnNYy7I=
golang.org/x/text v0.13.0/go.mod h1:4AlkqwQ3CuBV+zD7SM4PHkHV4+cOxUSf8AlsxisqQ8=
golang.org/x/xerrors v0.0.0-20191204190536-9bdfabe68543/go.mod h1:I/5z698sn9Ka8TeJc9MKroUUfqBBauWjQqLJ2OPfmY=
google.golang.org/protobuf v1.26.0-rc.1/go.mod h1:jlhhOSvTdKEhbULTjMlx0r+goaKrRw52aw8yaQrNix=
google.golang.org/protobuf v1.31.0 h1:g0LDEJHgrBl9N9r17Ru3sqWhkIx2NB67okBHPwC7Yc=
google.golang.org/protobuf v1.31.0/go.mod h1:HV8QOQYVhC7V5jPUKq7y64kqFrohQtuxstTheAsgLI=
gopkg.in/check.v1 v0.0.0-20161208181325-20d25e280405/go.mod h1:Co6ibVJAznAaIkqp8huTwlPUGdeOFT18HV146gvf5U=
gopkg.in/yaml.v3 v3.0.0-20200313102051-9f266ea9e77c/go.mod h1:K4uyk7z7BCEPmbH2DpgR+O+9o9zAne1fNQWr0qB56I=
gopkg.in/yaml.v3 v3.0.1 h1:fxVm/GzulhFKYpPmwihnV05DUlS5L2fSVDCF8fXc3g=
gopkg.in/yaml.v3 v3.0.1/go.mod h1:K4uyk7z7BCEPmbH2DpgR+O+9o9zAne1fNQWr0qB56I=
gorm.io/datatypes v1.2.0 h1:5NLlI1At/y3UB5yD7akuWXc8jqjvSGTfKL8gHqV0Go=
gorm.io/datatypes v1.2.0/go.mod h1:Z4+4qnDtwzil9Lw+5YcFiMKriOF+jW8/ck5OMwJHE=
gorm.io/driver/postgres v1.5.2 h1:ytTDxxEv+MlbjPTlLcsOC2p7ijY0Ot+pHThfInEf6M=
gorm.io/driver/postgres v1.5.2/go.mod h1:fmpX0m2I1PKuR7mKZiNHa7v1xn9PJmQQQW2FCS8WMY=
gorm.io/gorm v1.25.2 h1:gs1o6Vsa+oXKj9NWcharS08hnEFGgiKxyXo5dRzE0Y=
gorm.io/gorm v1.25.2/go.mod h1:L4uxeKpfVuVAPLjRQvsEvvlEFh+s//N3FW4qwWQ5+0=
